dependencies:
- name: firefly-evmconnect
  repository: file://../firefly-evmconnect
  version: 0.6.0
- name: postgresql
  repository: file://../postgresql
  version: 0.2.3
- name: ipfs
  repository: file://../ipfs
  version: 0.3.4
digest: sha256:f5f298b17112b3b4279dfb518203f6e549af9c3c7a2c045c2bf86016ef57895b
generated: "2023-02-09T14:46:35.282246+08:00"
